// !$*UTF8*$!
{
	archiveVersion = 1;
	classes = {
	};
	objectVersion = 46;
	objects = {

/* Begin PBXBuildFile section */
		1F183EB217FC94F40002470C /* CoreMedia.framework in Frameworks */ = {isa = PBXBuildFile; fileRef = 1F183EB117FC94F40002470C /* CoreMedia.framework */; };
		1F183EB817FC96FB0002470C /* UIKit.framework in Frameworks */ = {isa = PBXBuildFile; fileRef = 1F183EB717FC96FB0002470C /* UIKit.framework */; };
		1F4B415517FF4AE70046DF86 /* InputAlertView.m in Sources */ = {isa = PBXBuildFile; fileRef = 1F4B415417FF4AE70046DF86 /* InputAlertView.m */; };
		1F5B41971803355E002D8CCF /* TracksTableViewController_i5.xib in Resources */ = {isa = PBXBuildFile; fileRef = 1F5B41961803355E002D8CCF /* TracksTableViewController_i5.xib */; };
		1F5B41A118033FD1002D8CCF /* MainViewController_i5.xib in Resources */ = {isa = PBXBuildFile; fileRef = 1F5B41A018033FD1002D8CCF /* MainViewController_i5.xib */; };
		1F8C900117FA1E4300FFD282 /* AVFoundation.framework in Frameworks */ = {isa = PBXBuildFile; fileRef = 1F8C900017FA1E4300FFD282 /* AVFoundation.framework */; };
		1F8C900317FA1F7900FFD282 /* CoreAudio.framework in Frameworks */ = {isa = PBXBuildFile; fileRef = 1F8C900217FA1F7900FFD282 /* CoreAudio.framework */; };
		1F8C902D17FB004300FFD282 /* TracksTableViewController.m in Sources */ = {isa = PBXBuildFile; fileRef = 1F8C902B17FB004300FFD282 /* TracksTableViewController.m */; };
		1F8C903117FB007800FFD282 /* TracksTableViewCell.m in Sources */ = {isa = PBXBuildFile; fileRef = 1F8C903017FB007800FFD282 /* TracksTableViewCell.m */; };
		1F8C903717FB0C3800FFD282 /* TracksTableViewCell.xib in Resources */ = {isa = PBXBuildFile; fileRef = 1F8C903617FB0C3800FFD282 /* TracksTableViewCell.xib */; };
		1FD9266B17FDA7D2006FDA0F /* TracksTableViewController.xib in Resources */ = {isa = PBXBuildFile; fileRef = 1F8C902C17FB004300FFD282 /* TracksTableViewController.xib */; };
		1FD9267317FDA8BC006FDA0F /* PSA_0.2_ListDelete.png in Resources */ = {isa = PBXBuildFile; fileRef = 1FD9267017FDA8BC006FDA0F /* PSA_0.2_ListDelete.png */; };
		1FD9267417FDA8BC006FDA0F /* PSA_0.2_ListPlay.png in Resources */ = {isa = PBXBuildFile; fileRef = 1FD9267117FDA8BC006FDA0F /* PSA_0.2_ListPlay.png */; };
		1FD9267517FDA8BC006FDA0F /* PSA_0.2_ListShare.png in Resources */ = {isa = PBXBuildFile; fileRef = 1FD9267217FDA8BC006FDA0F /* PSA_0.2_ListShare.png */; };
		1FE8870317FC9E6B00833D22 /* SoundManager.m in Sources */ = {isa = PBXBuildFile; fileRef = 1FE8870217FC9E6B00833D22 /* SoundManager.m */; };
		7B2F3E711804D96B001CB577 /* PSA_0.2_RingSpinning.png in Resources */ = {isa = PBXBuildFile; fileRef = 7B2F3E701804D96B001CB577 /* PSA_0.2_RingSpinning.png */; };
		7B2F3E731804D9CE001CB577 /* PSA_0.2_RingSpinning_i5.png in Resources */ = {isa = PBXBuildFile; fileRef = 7B2F3E721804D9CE001CB577 /* PSA_0.2_RingSpinning_i5.png */; };
		7B2F3E811804DD26001CB577 /* PSA_0.2_AppIcon_29_pt.png in Resources */ = {isa = PBXBuildFile; fileRef = 7B2F3E7E1804DD26001CB577 /* PSA_0.2_AppIcon_29_pt.png */; };
		7B2F3E821804DD26001CB577 /* PSA_0.2_AppIcon_40_pt.png in Resources */ = {isa = PBXBuildFile; fileRef = 7B2F3E7F1804DD26001CB577 /* PSA_0.2_AppIcon_40_pt.png */; };
		7B2F3E831804DD26001CB577 /* PSA_0.2_AppIcon_60_pt.png in Resources */ = {isa = PBXBuildFile; fileRef = 7B2F3E801804DD26001CB577 /* PSA_0.2_AppIcon_60_pt.png */; };
		7B312929180396870057B03B /* PSA_0.2_Background_i5.png in Resources */ = {isa = PBXBuildFile; fileRef = 7B312924180396870057B03B /* PSA_0.2_Background_i5.png */; };
		7B31292E180396900057B03B /* PSA_0.2_b.png in Resources */ = {isa = PBXBuildFile; fileRef = 7B31292D180396900057B03B /* PSA_0.2_b.png */; };
		7B3129321803969F0057B03B /* PSA_0.2_AppIcon_120_pt.png in Resources */ = {isa = PBXBuildFile; fileRef = 7B31292F1803969F0057B03B /* PSA_0.2_AppIcon_120_pt.png */; };
		7B3129331803969F0057B03B /* PSA_0.2_AppIcon_80_pt.png in Resources */ = {isa = PBXBuildFile; fileRef = 7B3129301803969F0057B03B /* PSA_0.2_AppIcon_80_pt.png */; };
		7B3129341803969F0057B03B /* PSA_0.2_AppIcon_58_pt.png in Resources */ = {isa = PBXBuildFile; fileRef = 7B3129311803969F0057B03B /* PSA_0.2_AppIcon_58_pt.png */; };
		7B312937180396A90057B03B /* PSA_0.2_SplashScreen_640p1136.png in Resources */ = {isa = PBXBuildFile; fileRef = 7B312935180396A90057B03B /* PSA_0.2_SplashScreen_640p1136.png */; };
		7B312938180396A90057B03B /* PSA_0.2_SplashScreen_640p960.png in Resources */ = {isa = PBXBuildFile; fileRef = 7B312936180396A90057B03B /* PSA_0.2_SplashScreen_640p960.png */; };
		7B83EAD41804C1ED00FD1DDD /* PSA_0.2_Ring_i5.png in Resources */ = {isa = PBXBuildFile; fileRef = 7B83EAD31804C1ED00FD1DDD /* PSA_0.2_Ring_i5.png */; };
		7B83EAD81804C2A000FD1DDD /* PSA_0.2_CenterButton_i5.png in Resources */ = {isa = PBXBuildFile; fileRef = 7B83EAD71804C2A000FD1DDD /* PSA_0.2_CenterButton_i5.png */; };
		7B83EADE1804C53400FD1DDD /* PSA_0.2_ProgressBarForeground_i5.png in Resources */ = {isa = PBXBuildFile; fileRef = 7B83EADD1804C53400FD1DDD /* PSA_0.2_ProgressBarForeground_i5.png */; };
		7B83EAE01804C5C800FD1DDD /* PSA_0.2_StopButton_i5.png in Resources */ = {isa = PBXBuildFile; fileRef = 7B83EADF1804C5C800FD1DDD /* PSA_0.2_StopButton_i5.png */; };
		7B83EAE21804C5D500FD1DDD /* PSA_0.2_PlayButton_i5.png in Resources */ = {isa = PBXBuildFile; fileRef = 7B83EAE11804C5D500FD1DDD /* PSA_0.2_PlayButton_i5.png */; };
		7B83EAE41804C5E300FD1DDD /* PSA_0.2_KeyboardThird.png in Resources */ = {isa = PBXBuildFile; fileRef = 7B83EAE31804C5E300FD1DDD /* PSA_0.2_KeyboardThird.png */; };
		7B83EAE61804C78600FD1DDD /* PSA_0.2_AppTitle.png in Resources */ = {isa = PBXBuildFile; fileRef = 7B83EAE51804C78600FD1DDD /* PSA_0.2_AppTitle.png */; };
		7B888F3A1804DE9800CA61FF /* Images.xcassets in Resources */ = {isa = PBXBuildFile; fileRef = 7B888F391804DE9800CA61FF /* Images.xcassets */; };
		7B888F3F1804E13B00CA61FF /* SplashScreenController.m in Sources */ = {isa = PBXBuildFile; fileRef = 7B888F3D1804E13B00CA61FF /* SplashScreenController.m */; };
		7B888F401804E13B00CA61FF /* SplashScreenController.xib in Resources */ = {isa = PBXBuildFile; fileRef = 7B888F3E1804E13B00CA61FF /* SplashScreenController.xib */; };
		7B888F421804E16F00CA61FF /* SplashScreenController_i5.xib in Resources */ = {isa = PBXBuildFile; fileRef = 7B888F411804E16F00CA61FF /* SplashScreenController_i5.xib */; };
		7BAEADD817FCFB18004BD341 /* PSA_0.2_AppIcon_Large.png in Resources */ = {isa = PBXBuildFile; fileRef = 7BAEADD517FCFB18004BD341 /* PSA_0.2_AppIcon_Large.png */; };
		7BAEADD917FCFB18004BD341 /* PSA_0.2_ListButton.png in Resources */ = {isa = PBXBuildFile; fileRef = 7BAEADD617FCFB18004BD341 /* PSA_0.2_ListButton.png */; };
		7BD769D817FB0EB2003B7CC9 /* libSoundCloudAPI.a in Frameworks */ = {isa = PBXBuildFile; fileRef = 7B92B24A17FB0E100002208F /* libSoundCloudAPI.a */; };
		7BD769E217FB0F1C003B7CC9 /* libSoundCloudUI.a in Frameworks */ = {isa = PBXBuildFile; fileRef = 7BD769DF17FB0EC8003B7CC9 /* libSoundCloudUI.a */; };
		7BD76A0317FB0F7D003B7CC9 /* libJSONKit.a in Frameworks */ = {isa = PBXBuildFile; fileRef = 7BD769E917FB0F4F003B7CC9 /* libJSONKit.a */; };
		7BD76A0417FB0F7D003B7CC9 /* libOAuth2Client.a in Frameworks */ = {isa = PBXBuildFile; fileRef = 7BD769F417FB0F58003B7CC9 /* libOAuth2Client.a */; };
		7BD76A0517FB0F7D003B7CC9 /* libOHAttributedLabel.a in Frameworks */ = {isa = PBXBuildFile; fileRef = 7BD769FA17FB0F62003B7CC9 /* libOHAttributedLabel.a */; };
		7BD76A0717FB0FFC003B7CC9 /* SoundCloud.bundle in Resources */ = {isa = PBXBuildFile; fileRef = 7BD76A0617FB0FFC003B7CC9 /* SoundCloud.bundle */; };
		7BD76A0917FB10E4003B7CC9 /* QuartzCore.framework in Frameworks */ = {isa = PBXBuildFile; fileRef = 7BD76A0817FB10E4003B7CC9 /* QuartzCore.framework */; };
		7BD76A0C17FB10F4003B7CC9 /* AddressBook.framework in Frameworks */ = {isa = PBXBuildFile; fileRef = 7BD76A0A17FB10F4003B7CC9 /* AddressBook.framework */; };
		7BD76A0D17FB10F4003B7CC9 /* AddressBookUI.framework in Frameworks */ = {isa = PBXBuildFile; fileRef = 7BD76A0B17FB10F4003B7CC9 /* AddressBookUI.framework */; };
		7BD76A0F17FB10FB003B7CC9 /* CoreLocation.framework in Frameworks */ = {isa = PBXBuildFile; fileRef = 7BD76A0E17FB10FB003B7CC9 /* CoreLocation.framework */; };
		7BD76A1117FB1102003B7CC9 /* Security.framework in Frameworks */ = {isa = PBXBuildFile; fileRef = 7BD76A1017FB1102003B7CC9 /* Security.framework */; };
		7BD76A1317FB110F003B7CC9 /* CoreText.framework in Frameworks */ = {isa = PBXBuildFile; fileRef = 7BD76A1217FB110F003B7CC9 /* CoreText.framework */; };
		AC7807A417EB99A80094711F /* MainViewController.m in Sources */ = {isa = PBXBuildFile; fileRef = AC7807A217EB99A80094711F /* MainViewController.m */; };
		AC7807A517EB99A80094711F /* MainViewController.xib in Resources */ = {isa = PBXBuildFile; fileRef = AC7807A317EB99A80094711F /* MainViewController.xib */; };
		ACD2B9C917E8D1A20052A96A /* PitchShiftIterative.cpp in Sources */ = {isa = PBXBuildFile; fileRef = ACD2B9C717E8D1A20052A96A /* PitchShiftIterative.cpp */; };
		ACD2B9CD17E8D2530052A96A /* SmbPitchShifter.cpp in Sources */ = {isa = PBXBuildFile; fileRef = ACD2B9CC17E8D2530052A96A /* SmbPitchShifter.cpp */; };
		ACD2B9DE17E9F4E50052A96A /* PitchShifter.mm in Sources */ = {isa = PBXBuildFile; fileRef = ACD2B9DD17E9F4E50052A96A /* PitchShifter.mm */; };
		ACD2B9E817EA2A180052A96A /* libsndfile.a in Frameworks */ = {isa = PBXBuildFile; fileRef = ACD2B9E717EA2A180052A96A /* libsndfile.a */; };
		ACE399F817FAFD3200AAB6F2 /* PSA_0.2_BackButton.png in Resources */ = {isa = PBXBuildFile; fileRef = ACE399E217FAFD3200AAB6F2 /* PSA_0.2_BackButton.png */; };
		ACE399F917FAFD3200AAB6F2 /* PSA_0.2_Background.png in Resources */ = {isa = PBXBuildFile; fileRef = ACE399E317FAFD3200AAB6F2 /* PSA_0.2_Background.png */; };
		ACE399FA17FAFD3200AAB6F2 /* PSA_0.2_CancelButton.png in Resources */ = {isa = PBXBuildFile; fileRef = ACE399E417FAFD3200AAB6F2 /* PSA_0.2_CancelButton.png */; };
		ACE399FB17FAFD3200AAB6F2 /* PSA_0.2_CenterButton.png in Resources */ = {isa = PBXBuildFile; fileRef = ACE399E517FAFD3200AAB6F2 /* PSA_0.2_CenterButton.png */; };
		ACE399FC17FAFD3200AAB6F2 /* PSA_0.2_CenterButtonSelected.png in Resources */ = {isa = PBXBuildFile; fileRef = ACE399E617FAFD3200AAB6F2 /* PSA_0.2_CenterButtonSelected.png */; };
		ACE399FD17FAFD3200AAB6F2 /* PSA_0.2_CircleBottom.png in Resources */ = {isa = PBXBuildFile; fileRef = ACE399E717FAFD3200AAB6F2 /* PSA_0.2_CircleBottom.png */; };
		ACE399FE17FAFD3200AAB6F2 /* PSA_0.2_CircleMiddle.png in Resources */ = {isa = PBXBuildFile; fileRef = ACE399E817FAFD3200AAB6F2 /* PSA_0.2_CircleMiddle.png */; };
		ACE399FF17FAFD3200AAB6F2 /* PSA_0.2_CircleTop.png in Resources */ = {isa = PBXBuildFile; fileRef = ACE399E917FAFD3200AAB6F2 /* PSA_0.2_CircleTop.png */; };
		ACE39A0017FAFD3200AAB6F2 /* PSA_0.2_SaveButton.png in Resources */ = {isa = PBXBuildFile; fileRef = ACE399EA17FAFD3200AAB6F2 /* PSA_0.2_SaveButton.png */; };
		ACE39A0217FAFD3200AAB6F2 /* PSA_0.2_KeyboardFifth.png in Resources */ = {isa = PBXBuildFile; fileRef = ACE399EC17FAFD3200AAB6F2 /* PSA_0.2_KeyboardFifth.png */; };
		ACE39A0317FAFD3200AAB6F2 /* PSA_0.2_KeyboardTriad.png in Resources */ = {isa = PBXBuildFile; fileRef = ACE399ED17FAFD3200AAB6F2 /* PSA_0.2_KeyboardTriad.png */; };
		ACE39A0417FAFD3200AAB6F2 /* PSA_0.2_ListPlayButton.png in Resources */ = {isa = PBXBuildFile; fileRef = ACE399EE17FAFD3200AAB6F2 /* PSA_0.2_ListPlayButton.png */; };
		ACE39A0517FAFD3200AAB6F2 /* PSA_0.2_PlayButton.png in Resources */ = {isa = PBXBuildFile; fileRef = ACE399EF17FAFD3200AAB6F2 /* PSA_0.2_PlayButton.png */; };
		ACE39A0617FAFD3200AAB6F2 /* PSA_0.2_PlayButtonSelected.png in Resources */ = {isa = PBXBuildFile; fileRef = ACE399F017FAFD3200AAB6F2 /* PSA_0.2_PlayButtonSelected.png */; };
		ACE39A0717FAFD3200AAB6F2 /* PSA_0.2_ProgressBarBackground.png in Resources */ = {isa = PBXBuildFile; fileRef = ACE399F117FAFD3200AAB6F2 /* PSA_0.2_ProgressBarBackground.png */; };
		ACE39A0817FAFD3200AAB6F2 /* PSA_0.2_ProgressBarForeground.png in Resources */ = {isa = PBXBuildFile; fileRef = ACE399F217FAFD3200AAB6F2 /* PSA_0.2_ProgressBarForeground.png */; };
		ACE39A0917FAFD3200AAB6F2 /* PSA_0.2_Ring.png in Resources */ = {isa = PBXBuildFile; fileRef = ACE399F317FAFD3200AAB6F2 /* PSA_0.2_Ring.png */; };
		ACE39A0B17FAFD3200AAB6F2 /* PSA_0.2_ShareButton.png in Resources */ = {isa = PBXBuildFile; fileRef = ACE399F517FAFD3200AAB6F2 /* PSA_0.2_ShareButton.png */; };
		ACE39A0C17FAFD3200AAB6F2 /* PSA_0.2_StopButton.png in Resources */ = {isa = PBXBuildFile; fileRef = ACE399F617FAFD3200AAB6F2 /* PSA_0.2_StopButton.png */; };
		ACE39A0D17FAFD3200AAB6F2 /* PSA_0.2_StopButtonSelected.png in Resources */ = {isa = PBXBuildFile; fileRef = ACE399F717FAFD3200AAB6F2 /* PSA_0.2_StopButtonSelected.png */; };
		ACE39A0F17FAFD4B00AAB6F2 /* InterfaceGuide.png in Resources */ = {isa = PBXBuildFile; fileRef = ACE39A0E17FAFD4B00AAB6F2 /* InterfaceGuide.png */; };
		ACE6EEA117E8BF8500E818A0 /* Foundation.framework in Frameworks */ = {isa = PBXBuildFile; fileRef = ACE6EEA017E8BF8500E818A0 /* Foundation.framework */; };
		ACE6EEA317E8BF8500E818A0 /* CoreGraphics.framework in Frameworks */ = {isa = PBXBuildFile; fileRef = ACE6EEA217E8BF8500E818A0 /* CoreGraphics.framework */; };
		ACE6EEAB17E8BF8500E818A0 /* InfoPlist.strings in Resources */ = {isa = PBXBuildFile; fileRef = ACE6EEA917E8BF8500E818A0 /* InfoPlist.strings */; };
		ACE6EEAD17E8BF8500E818A0 /* main.m in Sources */ = {isa = PBXBuildFile; fileRef = ACE6EEAC17E8BF8500E818A0 /* main.m */; };
		ACE6EEB117E8BF8500E818A0 /* AppDelegate.m in Sources */ = {isa = PBXBuildFile; fileRef = ACE6EEB017E8BF8500E818A0 /* AppDelegate.m */; };
		ACE6EEBA17E8BF8500E818A0 /* XCTest.framework in Frameworks */ = {isa = PBXBuildFile; fileRef = ACE6EEB917E8BF8500E818A0 /* XCTest.framework */; };
		ACE6EEBB17E8BF8500E818A0 /* Foundation.framework in Frameworks */ = {isa = PBXBuildFile; fileRef = ACE6EEA017E8BF8500E818A0 /* Foundation.framework */; };
		ACE6EEC417E8BF8500E818A0 /* InfoPlist.strings in Resources */ = {isa = PBXBuildFile; fileRef = ACE6EEC217E8BF8500E818A0 /* InfoPlist.strings */; };
		ACE6EEC617E8BF8500E818A0 /* PitchShiftAppTests.m in Sources */ = {isa = PBXBuildFile; fileRef = ACE6EEC517E8BF8500E818A0 /* PitchShiftAppTests.m */; };
/* End PBXBuildFile section */

/* Begin PBXContainerItemProxy section */
		7B92B24717FB0E100002208F /* PBXContainerItemProxy */ = {
			isa = PBXContainerItemProxy;
			containerPortal = 7B92B24217FB0E100002208F /* SoundCloudAPI.xcodeproj */;
			proxyType = 2;
			remoteGlobalIDString = 94535F86123FAFDF00BD668A;
			remoteInfo = SoundCloudAPI.framework;
		};
		7B92B24917FB0E100002208F /* PBXContainerItemProxy */ = {
			isa = PBXContainerItemProxy;
			containerPortal = 7B92B24217FB0E100002208F /* SoundCloudAPI.xcodeproj */;
			proxyType = 2;
			remoteGlobalIDString = D2AAC07E0554694100DB518D;
			remoteInfo = SoundCloudAPI;
		};
		7B92B24B17FB0E490002208F /* PBXContainerItemProxy */ = {
			isa = PBXContainerItemProxy;
			containerPortal = 7B92B24217FB0E100002208F /* SoundCloudAPI.xcodeproj */;
			proxyType = 1;
			remoteGlobalIDString = D2AAC07D0554694100DB518D;
			remoteInfo = SoundCloudAPI;
		};
		7BD769DE17FB0EC8003B7CC9 /* PBXContainerItemProxy */ = {
			isa = PBXContainerItemProxy;
			containerPortal = 7BD769D917FB0EC8003B7CC9 /* SoundCloudUI.xcodeproj */;
			proxyType = 2;
			remoteGlobalIDString = F6EF8C6113F929D700B20B40;
			remoteInfo = libSoundCloudUI;
		};
		7BD769E017FB0EC8003B7CC9 /* PBXContainerItemProxy */ = {
			isa = PBXContainerItemProxy;
			containerPortal = 7BD769D917FB0EC8003B7CC9 /* SoundCloudUI.xcodeproj */;
			proxyType = 2;
			remoteGlobalIDString = F62E0CE5148FB27100BE8F14;
			remoteInfo = SoundCloudUI.framework;
		};
		7BD769E817FB0F4F003B7CC9 /* PBXContainerItemProxy */ = {
			isa = PBXContainerItemProxy;
			containerPortal = 7BD769E317FB0F4E003B7CC9 /* JSONKit.xcodeproj */;
			proxyType = 2;
			remoteGlobalIDString = F6803523148F6D22008A51BA;
			remoteInfo = libJSONKit;
		};
		7BD769EA17FB0F4F003B7CC9 /* PBXContainerItemProxy */ = {
			isa = PBXContainerItemProxy;
			containerPortal = 7BD769E317FB0F4E003B7CC9 /* JSONKit.xcodeproj */;
			proxyType = 2;
			remoteGlobalIDString = F6AE0202148F825C0004909F;
			remoteInfo = JSONKit.framework;
		};
		7BD769F117FB0F58003B7CC9 /* PBXContainerItemProxy */ = {
			isa = PBXContainerItemProxy;
			containerPortal = 7BD769EC17FB0F58003B7CC9 /* OAuth2Client.xcodeproj */;
			proxyType = 2;
			remoteGlobalIDString = 942FFCD612315E0A00E6C65E;
			remoteInfo = OAuth2Client.framework;
		};
		7BD769F317FB0F58003B7CC9 /* PBXContainerItemProxy */ = {
			isa = PBXContainerItemProxy;
			containerPortal = 7BD769EC17FB0F58003B7CC9 /* OAuth2Client.xcodeproj */;
			proxyType = 2;
			remoteGlobalIDString = D2AAC07E0554694100DB518D;
			remoteInfo = OAuth2Client;
		};
		7BD769F917FB0F62003B7CC9 /* PBXContainerItemProxy */ = {
			isa = PBXContainerItemProxy;
			containerPortal = 7BD769F517FB0F62003B7CC9 /* OHAttributedLabel.xcodeproj */;
			proxyType = 2;
			remoteGlobalIDString = F62728FA148F70DF00314599;
			remoteInfo = OHAttributedLabel;
		};
		7BD769FB17FB0F76003B7CC9 /* PBXContainerItemProxy */ = {
			isa = PBXContainerItemProxy;
			containerPortal = 7BD769F517FB0F62003B7CC9 /* OHAttributedLabel.xcodeproj */;
			proxyType = 1;
			remoteGlobalIDString = F62728F9148F70DF00314599;
			remoteInfo = OHAttributedLabel;
		};
		7BD769FD17FB0F76003B7CC9 /* PBXContainerItemProxy */ = {
			isa = PBXContainerItemProxy;
			containerPortal = 7BD769EC17FB0F58003B7CC9 /* OAuth2Client.xcodeproj */;
			proxyType = 1;
			remoteGlobalIDString = D2AAC07D0554694100DB518D;
			remoteInfo = OAuth2Client;
		};
		7BD769FF17FB0F76003B7CC9 /* PBXContainerItemProxy */ = {
			isa = PBXContainerItemProxy;
			containerPortal = 7BD769E317FB0F4E003B7CC9 /* JSONKit.xcodeproj */;
			proxyType = 1;
			remoteGlobalIDString = F6803522148F6D22008A51BA;
			remoteInfo = libJSONKit;
		};
		7BD76A0117FB0F76003B7CC9 /* PBXContainerItemProxy */ = {
			isa = PBXContainerItemProxy;
			containerPortal = 7BD769D917FB0EC8003B7CC9 /* SoundCloudUI.xcodeproj */;
			proxyType = 1;
			remoteGlobalIDString = F6EF8C6013F929D700B20B40;
			remoteInfo = libSoundCloudUI;
		};
		ACE6EEBD17E8BF8500E818A0 /* PBXContainerItemProxy */ = {
			isa = PBXContainerItemProxy;
			containerPortal = ACE6EE9517E8BF8500E818A0 /* Project object */;
			proxyType = 1;
			remoteGlobalIDString = ACE6EE9C17E8BF8500E818A0;
			remoteInfo = PitchShiftApp;
		};
/* End PBXContainerItemProxy section */

/* Begin PBXFileReference section */
		1F183EB117FC94F40002470C /* CoreMedia.framework */ = {isa = PBXFileReference; lastKnownFileType = wrapper.framework; name = CoreMedia.framework; path = System/Library/Frameworks/CoreMedia.framework; sourceTree = SDKROOT; };
		1F183EB717FC96FB0002470C /* UIKit.framework */ = {isa = PBXFileReference; lastKnownFileType = wrapper.framework; name = UIKit.framework; path = System/Library/Frameworks/UIKit.framework; sourceTree = SDKROOT; };
		1F4B414317FEFBFE0046DF86 /* Defines.h */ = {isa = PBXFileReference; fileEncoding = 4; lastKnownFileType = sourcecode.c.h; path = Defines.h; sourceTree = "<group>"; };
		1F4B415317FF4AE70046DF86 /* InputAlertView.h */ = {isa = PBXFileReference; fileEncoding = 4; lastKnownFileType = sourcecode.c.h; path = InputAlertView.h; sourceTree = "<group>"; };
		1F4B415417FF4AE70046DF86 /* InputAlertView.m */ = {isa = PBXFileReference; fileEncoding = 4; lastKnownFileType = sourcecode.c.objc; path = InputAlertView.m; sourceTree = "<group>"; };
		1F5B41961803355E002D8CCF /* TracksTableViewController_i5.xib */ = {isa = PBXFileReference; fileEncoding = 4; lastKnownFileType = file.xib; path = TracksTableViewController_i5.xib; sourceTree = "<group>"; };
		1F5B41A018033FD1002D8CCF /* MainViewController_i5.xib */ = {isa = PBXFileReference; fileEncoding = 4; lastKnownFileType = file.xib; path = MainViewController_i5.xib; sourceTree = "<group>"; };
		1F8C900017FA1E4300FFD282 /* AVFoundation.framework */ = {isa = PBXFileReference; lastKnownFileType = wrapper.framework; name = AVFoundation.framework; path = System/Library/Frameworks/AVFoundation.framework; sourceTree = SDKROOT; };
		1F8C900217FA1F7900FFD282 /* CoreAudio.framework */ = {isa = PBXFileReference; lastKnownFileType = wrapper.framework; name = CoreAudio.framework; path = System/Library/Frameworks/CoreAudio.framework; sourceTree = SDKROOT; };
		1F8C902A17FB004300FFD282 /* TracksTableViewController.h */ = {isa = PBXFileReference; fileEncoding = 4; lastKnownFileType = sourcecode.c.h; path = TracksTableViewController.h; sourceTree = "<group>"; };
		1F8C902B17FB004300FFD282 /* TracksTableViewController.m */ = {isa = PBXFileReference; fileEncoding = 4; lastKnownFileType = sourcecode.c.objc; path = TracksTableViewController.m; sourceTree = "<group>"; };
		1F8C902C17FB004300FFD282 /* TracksTableViewController.xib */ = {isa = PBXFileReference; fileEncoding = 4; lastKnownFileType = file.xib; path = TracksTableViewController.xib; sourceTree = "<group>"; };
		1F8C902F17FB007800FFD282 /* TracksTableViewCell.h */ = {isa = PBXFileReference; fileEncoding = 4; lastKnownFileType = sourcecode.c.h; path = TracksTableViewCell.h; sourceTree = "<group>"; };
		1F8C903017FB007800FFD282 /* TracksTableViewCell.m */ = {isa = PBXFileReference; fileEncoding = 4; lastKnownFileType = sourcecode.c.objc; path = TracksTableViewCell.m; sourceTree = "<group>"; };
		1F8C903617FB0C3800FFD282 /* TracksTableViewCell.xib */ = {isa = PBXFileReference; fileEncoding = 4; lastKnownFileType = file.xib; path = TracksTableViewCell.xib; sourceTree = "<group>"; };
		1FD9267017FDA8BC006FDA0F /* PSA_0.2_ListDelete.png */ = {isa = PBXFileReference; lastKnownFileType = image.png; path = PSA_0.2_ListDelete.png; sourceTree = "<group>"; };
		1FD9267117FDA8BC006FDA0F /* PSA_0.2_ListPlay.png */ = {isa = PBXFileReference; lastKnownFileType = image.png; path = PSA_0.2_ListPlay.png; sourceTree = "<group>"; };
		1FD9267217FDA8BC006FDA0F /* PSA_0.2_ListShare.png */ = {isa = PBXFileReference; lastKnownFileType = image.png; path = PSA_0.2_ListShare.png; sourceTree = "<group>"; };
		1FE8870117FC9E6B00833D22 /* SoundManager.h */ = {isa = PBXFileReference; fileEncoding = 4; lastKnownFileType = sourcecode.c.h; path = SoundManager.h; sourceTree = "<group>"; };
		1FE8870217FC9E6B00833D22 /* SoundManager.m */ = {isa = PBXFileReference; fileEncoding = 4; lastKnownFileType = sourcecode.c.objc; path = SoundManager.m; sourceTree = "<group>"; };
		7B2F3E701804D96B001CB577 /* PSA_0.2_RingSpinning.png */ = {isa = PBXFileReference; lastKnownFileType = image.png; path = PSA_0.2_RingSpinning.png; sourceTree = "<group>"; };
		7B2F3E721804D9CE001CB577 /* PSA_0.2_RingSpinning_i5.png */ = {isa = PBXFileReference; lastKnownFileType = image.png; path = PSA_0.2_RingSpinning_i5.png; sourceTree = "<group>"; };
		7B2F3E7E1804DD26001CB577 /* PSA_0.2_AppIcon_29_pt.png */ = {isa = PBXFileReference; lastKnownFileType = image.png; path = PSA_0.2_AppIcon_29_pt.png; sourceTree = "<group>"; };
		7B2F3E7F1804DD26001CB577 /* PSA_0.2_AppIcon_40_pt.png */ = {isa = PBXFileReference; lastKnownFileType = image.png; path = PSA_0.2_AppIcon_40_pt.png; sourceTree = "<group>"; };
		7B2F3E801804DD26001CB577 /* PSA_0.2_AppIcon_60_pt.png */ = {isa = PBXFileReference; lastKnownFileType = image.png; path = PSA_0.2_AppIcon_60_pt.png; sourceTree = "<group>"; };
		7B312924180396870057B03B /* PSA_0.2_Background_i5.png */ = {isa = PBXFileReference; lastKnownFileType = image.png; path = PSA_0.2_Background_i5.png; sourceTree = "<group>"; };
		7B31292D180396900057B03B /* PSA_0.2_b.png */ = {isa = PBXFileReference; lastKnownFileType = image.png; path = PSA_0.2_b.png; sourceTree = "<group>"; };
		7B31292F1803969F0057B03B /* PSA_0.2_AppIcon_120_pt.png */ = {isa = PBXFileReference; lastKnownFileType = image.png; path = PSA_0.2_AppIcon_120_pt.png; sourceTree = "<group>"; };
		7B3129301803969F0057B03B /* PSA_0.2_AppIcon_80_pt.png */ = {isa = PBXFileReference; lastKnownFileType = image.png; path = PSA_0.2_AppIcon_80_pt.png; sourceTree = "<group>"; };
		7B3129311803969F0057B03B /* PSA_0.2_AppIcon_58_pt.png */ = {isa = PBXFileReference; lastKnownFileType = image.png; path = PSA_0.2_AppIcon_58_pt.png; sourceTree = "<group>"; };
		7B312935180396A90057B03B /* PSA_0.2_SplashScreen_640p1136.png */ = {isa = PBXFileReference; lastKnownFileType = image.png; path = PSA_0.2_SplashScreen_640p1136.png; sourceTree = "<group>"; };
		7B312936180396A90057B03B /* PSA_0.2_SplashScreen_640p960.png */ = {isa = PBXFileReference; lastKnownFileType = image.png; path = PSA_0.2_SplashScreen_640p960.png; sourceTree = "<group>"; };
		7B83EAD31804C1ED00FD1DDD /* PSA_0.2_Ring_i5.png */ = {isa = PBXFileReference; lastKnownFileType = image.png; path = PSA_0.2_Ring_i5.png; sourceTree = "<group>"; };
		7B83EAD71804C2A000FD1DDD /* PSA_0.2_CenterButton_i5.png */ = {isa = PBXFileReference; lastKnownFileType = image.png; path = PSA_0.2_CenterButton_i5.png; sourceTree = "<group>"; };
		7B83EADD1804C53400FD1DDD /* PSA_0.2_ProgressBarForeground_i5.png */ = {isa = PBXFileReference; lastKnownFileType = image.png; path = PSA_0.2_ProgressBarForeground_i5.png; sourceTree = "<group>"; };
		7B83EADF1804C5C800FD1DDD /* PSA_0.2_StopButton_i5.png */ = {isa = PBXFileReference; lastKnownFileType = image.png; path = PSA_0.2_StopButton_i5.png; sourceTree = "<group>"; };
		7B83EAE11804C5D500FD1DDD /* PSA_0.2_PlayButton_i5.png */ = {isa = PBXFileReference; lastKnownFileType = image.png; path = PSA_0.2_PlayButton_i5.png; sourceTree = "<group>"; };
		7B83EAE31804C5E300FD1DDD /* PSA_0.2_KeyboardThird.png */ = {isa = PBXFileReference; lastKnownFileType = image.png; path = PSA_0.2_KeyboardThird.png; sourceTree = "<group>"; };
		7B83EAE51804C78600FD1DDD /* PSA_0.2_AppTitle.png */ = {isa = PBXFileReference; lastKnownFileType = image.png; path = PSA_0.2_AppTitle.png; sourceTree = "<group>"; };
		7B888F391804DE9800CA61FF /* Images.xcassets */ = {isa = PBXFileReference; lastKnownFileType = folder.assetcatalog; path = Images.xcassets; sourceTree = "<group>"; };
		7B888F3C1804E13B00CA61FF /* SplashScreenController.h */ = {isa = PBXFileReference; fileEncoding = 4; lastKnownFileType = sourcecode.c.h; path = SplashScreenController.h; sourceTree = "<group>"; };
		7B888F3D1804E13B00CA61FF /* SplashScreenController.m */ = {isa = PBXFileReference; fileEncoding = 4; lastKnownFileType = sourcecode.c.objc; path = SplashScreenController.m; sourceTree = "<group>"; };
		7B888F3E1804E13B00CA61FF /* SplashScreenController.xib */ = {isa = PBXFileReference; fileEncoding = 4; lastKnownFileType = file.xib; path = SplashScreenController.xib; sourceTree = "<group>"; };
		7B888F411804E16F00CA61FF /* SplashScreenController_i5.xib */ = {isa = PBXFileReference; fileEncoding = 4; lastKnownFileType = file.xib; path = SplashScreenController_i5.xib; sourceTree = "<group>"; };
		7B92B24217FB0E100002208F /* SoundCloudAPI.xcodeproj */ = {isa = PBXFileReference; lastKnownFileType = "wrapper.pb-project"; name = SoundCloudAPI.xcodeproj; path = CocoaSoundCloudAPI/SoundCloudAPI.xcodeproj; sourceTree = "<group>"; };
		7BAEADD517FCFB18004BD341 /* PSA_0.2_AppIcon_Large.png */ = {isa = PBXFileReference; lastKnownFileType = image.png; path = PSA_0.2_AppIcon_Large.png; sourceTree = "<group>"; };
		7BAEADD617FCFB18004BD341 /* PSA_0.2_ListButton.png */ = {isa = PBXFileReference; lastKnownFileType = image.png; path = PSA_0.2_ListButton.png; sourceTree = "<group>"; };
		7BD769D917FB0EC8003B7CC9 /* SoundCloudUI.xcodeproj */ = {isa = PBXFileReference; lastKnownFileType = "wrapper.pb-project"; name = SoundCloudUI.xcodeproj; path = CocoaSoundCloudUI/SoundCloudUI.xcodeproj; sourceTree = "<group>"; };
		7BD769E317FB0F4E003B7CC9 /* JSONKit.xcodeproj */ = {isa = PBXFileReference; lastKnownFileType = "wrapper.pb-project"; name = JSONKit.xcodeproj; path = JSONKit/JSONKit.xcodeproj; sourceTree = "<group>"; };
		7BD769EC17FB0F58003B7CC9 /* OAuth2Client.xcodeproj */ = {isa = PBXFileReference; lastKnownFileType = "wrapper.pb-project"; name = OAuth2Client.xcodeproj; path = OAuth2Client/OAuth2Client.xcodeproj; sourceTree = "<group>"; };
		7BD769F517FB0F62003B7CC9 /* OHAttributedLabel.xcodeproj */ = {isa = PBXFileReference; lastKnownFileType = "wrapper.pb-project"; name = OHAttributedLabel.xcodeproj; path = OHAttributedLabel/OHAttributedLabel.xcodeproj; sourceTree = "<group>"; };
		7BD76A0617FB0FFC003B7CC9 /* SoundCloud.bundle */ = {isa = PBXFileReference; lastKnownFileType = "wrapper.plug-in"; name = SoundCloud.bundle; path = ../CocoaSoundCloudUI/SoundCloud.bundle; sourceTree = "<group>"; };
		7BD76A0817FB10E4003B7CC9 /* QuartzCore.framework */ = {isa = PBXFileReference; lastKnownFileType = wrapper.framework; name = QuartzCore.framework; path = System/Library/Frameworks/QuartzCore.framework; sourceTree = SDKROOT; };
		7BD76A0A17FB10F4003B7CC9 /* AddressBook.framework */ = {isa = PBXFileReference; lastKnownFileType = wrapper.framework; name = AddressBook.framework; path = System/Library/Frameworks/AddressBook.framework; sourceTree = SDKROOT; };
		7BD76A0B17FB10F4003B7CC9 /* AddressBookUI.framework */ = {isa = PBXFileReference; lastKnownFileType = wrapper.framework; name = AddressBookUI.framework; path = System/Library/Frameworks/AddressBookUI.framework; sourceTree = SDKROOT; };
		7BD76A0E17FB10FB003B7CC9 /* CoreLocation.framework */ = {isa = PBXFileReference; lastKnownFileType = wrapper.framework; name = CoreLocation.framework; path = System/Library/Frameworks/CoreLocation.framework; sourceTree = SDKROOT; };
		7BD76A1017FB1102003B7CC9 /* Security.framework */ = {isa = PBXFileReference; lastKnownFileType = wrapper.framework; name = Security.framework; path = System/Library/Frameworks/Security.framework; sourceTree = SDKROOT; };
		7BD76A1217FB110F003B7CC9 /* CoreText.framework */ = {isa = PBXFileReference; lastKnownFileType = wrapper.framework; name = CoreText.framework; path = System/Library/Frameworks/CoreText.framework; sourceTree = SDKROOT; };
		AC7807A117EB99A80094711F /* MainViewController.h */ = {isa = PBXFileReference; fileEncoding = 4; lastKnownFileType = sourcecode.c.h; path = MainViewController.h; sourceTree = "<group>"; };
		AC7807A217EB99A80094711F /* MainViewController.m */ = {isa = PBXFileReference; fileEncoding = 4; lastKnownFileType = sourcecode.c.objc; path = MainViewController.m; sourceTree = "<group>"; };
		AC7807A317EB99A80094711F /* MainViewController.xib */ = {isa = PBXFileReference; fileEncoding = 4; lastKnownFileType = file.xib; path = MainViewController.xib; sourceTree = "<group>"; };
		ACD2B9C717E8D1A20052A96A /* PitchShiftIterative.cpp */ = {isa = PBXFileReference; fileEncoding = 4; lastKnownFileType = sourcecode.cpp.cpp; path = PitchShiftIterative.cpp; sourceTree = "<group>"; };
		ACD2B9C817E8D1A20052A96A /* PitchShiftIterative.h */ = {isa = PBXFileReference; fileEncoding = 4; lastKnownFileType = sourcecode.c.h; path = PitchShiftIterative.h; sourceTree = "<group>"; };
		ACD2B9CC17E8D2530052A96A /* SmbPitchShifter.cpp */ = {isa = PBXFileReference; fileEncoding = 4; lastKnownFileType = sourcecode.cpp.cpp; path = SmbPitchShifter.cpp; sourceTree = "<group>"; };
		ACD2B9DC17E9F4E50052A96A /* PitchShifter.h */ = {isa = PBXFileReference; fileEncoding = 4; lastKnownFileType = sourcecode.c.h; path = PitchShifter.h; sourceTree = "<group>"; };
		ACD2B9DD17E9F4E50052A96A /* PitchShifter.mm */ = {isa = PBXFileReference; fileEncoding = 4; lastKnownFileType = sourcecode.cpp.objcpp; path = PitchShifter.mm; sourceTree = "<group>"; };
		ACD2B9E717EA2A180052A96A /* libsndfile.a */ = {isa = PBXFileReference; lastKnownFileType = archive.ar; path = libsndfile.a; sourceTree = "<group>"; };
		ACD2B9E917EA2ED20052A96A /* sndfile.h */ = {isa = PBXFileReference; lastKnownFileType = sourcecode.c.h; path = sndfile.h; sourceTree = "<group>"; };
		ACD2B9EA17EA388E0052A96A /* SmbPitchShifter.h */ = {isa = PBXFileReference; lastKnownFileType = sourcecode.c.h; path = SmbPitchShifter.h; sourceTree = "<group>"; };
		ACE399E217FAFD3200AAB6F2 /* PSA_0.2_BackButton.png */ = {isa = PBXFileReference; lastKnownFileType = image.png; path = PSA_0.2_BackButton.png; sourceTree = "<group>"; };
		ACE399E317FAFD3200AAB6F2 /* PSA_0.2_Background.png */ = {isa = PBXFileReference; lastKnownFileType = image.png; path = PSA_0.2_Background.png; sourceTree = "<group>"; };
		ACE399E417FAFD3200AAB6F2 /* PSA_0.2_CancelButton.png */ = {isa = PBXFileReference; lastKnownFileType = image.png; path = PSA_0.2_CancelButton.png; sourceTree = "<group>"; };
		ACE399E517FAFD3200AAB6F2 /* PSA_0.2_CenterButton.png */ = {isa = PBXFileReference; lastKnownFileType = image.png; path = PSA_0.2_CenterButton.png; sourceTree = "<group>"; };
		ACE399E617FAFD3200AAB6F2 /* PSA_0.2_CenterButtonSelected.png */ = {isa = PBXFileReference; lastKnownFileType = image.png; path = PSA_0.2_CenterButtonSelected.png; sourceTree = "<group>"; };
		ACE399E717FAFD3200AAB6F2 /* PSA_0.2_CircleBottom.png */ = {isa = PBXFileReference; lastKnownFileType = image.png; path = PSA_0.2_CircleBottom.png; sourceTree = "<group>"; };
		ACE399E817FAFD3200AAB6F2 /* PSA_0.2_CircleMiddle.png */ = {isa = PBXFileReference; lastKnownFileType = image.png; path = PSA_0.2_CircleMiddle.png; sourceTree = "<group>"; };
		ACE399E917FAFD3200AAB6F2 /* PSA_0.2_CircleTop.png */ = {isa = PBXFileReference; lastKnownFileType = image.png; path = PSA_0.2_CircleTop.png; sourceTree = "<group>"; };
		ACE399EA17FAFD3200AAB6F2 /* PSA_0.2_SaveButton.png */ = {isa = PBXFileReference; lastKnownFileType = image.png; path = PSA_0.2_SaveButton.png; sourceTree = "<group>"; };
		ACE399EC17FAFD3200AAB6F2 /* PSA_0.2_KeyboardFifth.png */ = {isa = PBXFileReference; lastKnownFileType = image.png; path = PSA_0.2_KeyboardFifth.png; sourceTree = "<group>"; };
		ACE399ED17FAFD3200AAB6F2 /* PSA_0.2_KeyboardTriad.png */ = {isa = PBXFileReference; lastKnownFileType = image.png; path = PSA_0.2_KeyboardTriad.png; sourceTree = "<group>"; };
		ACE399EE17FAFD3200AAB6F2 /* PSA_0.2_ListPlayButton.png */ = {isa = PBXFileReference; lastKnownFileType = image.png; path = PSA_0.2_ListPlayButton.png; sourceTree = "<group>"; };
		ACE399EF17FAFD3200AAB6F2 /* PSA_0.2_PlayButton.png */ = {isa = PBXFileReference; lastKnownFileType = image.png; path = PSA_0.2_PlayButton.png; sourceTree = "<group>"; };
		ACE399F017FAFD3200AAB6F2 /* PSA_0.2_PlayButtonSelected.png */ = {isa = PBXFileReference; lastKnownFileType = image.png; path = PSA_0.2_PlayButtonSelected.png; sourceTree = "<group>"; };
		ACE399F117FAFD3200AAB6F2 /* PSA_0.2_ProgressBarBackground.png */ = {isa = PBXFileReference; lastKnownFileType = image.png; path = PSA_0.2_ProgressBarBackground.png; sourceTree = "<group>"; };
		ACE399F217FAFD3200AAB6F2 /* PSA_0.2_ProgressBarForeground.png */ = {isa = PBXFileReference; lastKnownFileType = image.png; path = PSA_0.2_ProgressBarForeground.png; sourceTree = "<group>"; };
		ACE399F317FAFD3200AAB6F2 /* PSA_0.2_Ring.png */ = {isa = PBXFileReference; lastKnownFileType = image.png; path = PSA_0.2_Ring.png; sourceTree = "<group>"; };
		ACE399F517FAFD3200AAB6F2 /* PSA_0.2_ShareButton.png */ = {isa = PBXFileReference; lastKnownFileType = image.png; path = PSA_0.2_ShareButton.png; sourceTree = "<group>"; };
		ACE399F617FAFD3200AAB6F2 /* PSA_0.2_StopButton.png */ = {isa = PBXFileReference; lastKnownFileType = image.png; path = PSA_0.2_StopButton.png; sourceTree = "<group>"; };
		ACE399F717FAFD3200AAB6F2 /* PSA_0.2_StopButtonSelected.png */ = {isa = PBXFileReference; lastKnownFileType = image.png; path = PSA_0.2_StopButtonSelected.png; sourceTree = "<group>"; };
		ACE39A0E17FAFD4B00AAB6F2 /* InterfaceGuide.png */ = {isa = PBXFileReference; lastKnownFileType = image.png; path = InterfaceGuide.png; sourceTree = "<group>"; };
		ACE6EE9D17E8BF8500E818A0 /* PitchShiftApp.app */ = {isa = PBXFileReference; explicitFileType = wrapper.application; includeInIndex = 0; path = PitchShiftApp.app; sourceTree = BUILT_PRODUCTS_DIR; };
		ACE6EEA017E8BF8500E818A0 /* Foundation.framework */ = {isa = PBXFileReference; lastKnownFileType = wrapper.framework; name = Foundation.framework; path = System/Library/Frameworks/Foundation.framework; sourceTree = SDKROOT; };
		ACE6EEA217E8BF8500E818A0 /* CoreGraphics.framework */ = {isa = PBXFileReference; lastKnownFileType = wrapper.framework; name = CoreGraphics.framework; path = System/Library/Frameworks/CoreGraphics.framework; sourceTree = SDKROOT; };
		ACE6EEA817E8BF8500E818A0 /* PitchShiftApp-Info.plist */ = {isa = PBXFileReference; lastKnownFileType = text.plist.xml; path = "PitchShiftApp-Info.plist"; sourceTree = "<group>"; };
		ACE6EEAA17E8BF8500E818A0 /* en */ = {isa = PBXFileReference; lastKnownFileType = text.plist.strings; name = en; path = en.lproj/InfoPlist.strings; sourceTree = "<group>"; };
		ACE6EEAC17E8BF8500E818A0 /* main.m */ = {isa = PBXFileReference; lastKnownFileType = sourcecode.c.objc; path = main.m; sourceTree = "<group>"; };
		ACE6EEAE17E8BF8500E818A0 /* PitchShiftApp-Prefix.pch */ = {isa = PBXFileReference; lastKnownFileType = sourcecode.c.h; path = "PitchShiftApp-Prefix.pch"; sourceTree = "<group>"; };
		ACE6EEAF17E8BF8500E818A0 /* AppDelegate.h */ = {isa = PBXFileReference; lastKnownFileType = sourcecode.c.h; path = AppDelegate.h; sourceTree = "<group>"; };
		ACE6EEB017E8BF8500E818A0 /* AppDelegate.m */ = {isa = PBXFileReference; lastKnownFileType = sourcecode.c.objc; path = AppDelegate.m; sourceTree = "<group>"; };
		ACE6EEB817E8BF8500E818A0 /* PitchShiftAppTests.xctest */ = {isa = PBXFileReference; explicitFileType = wrapper.cfbundle; includeInIndex = 0; path = PitchShiftAppTests.xctest; sourceTree = BUILT_PRODUCTS_DIR; };
		ACE6EEB917E8BF8500E818A0 /* XCTest.framework */ = {isa = PBXFileReference; lastKnownFileType = wrapper.framework; name = XCTest.framework; path = Library/Frameworks/XCTest.framework; sourceTree = DEVELOPER_DIR; };
		ACE6EEC117E8BF8500E818A0 /* PitchShiftAppTests-Info.plist */ = {isa = PBXFileReference; lastKnownFileType = text.plist.xml; path = "PitchShiftAppTests-Info.plist"; sourceTree = "<group>"; };
		ACE6EEC317E8BF8500E818A0 /* en */ = {isa = PBXFileReference; lastKnownFileType = text.plist.strings; name = en; path = en.lproj/InfoPlist.strings; sourceTree = "<group>"; };
		ACE6EEC517E8BF8500E818A0 /* PitchShiftAppTests.m */ = {isa = PBXFileReference; lastKnownFileType = sourcecode.c.objc; path = PitchShiftAppTests.m; sourceTree = "<group>"; };
/* End PBXFileReference section */

/* Begin PBXFrameworksBuildPhase section */
		ACE6EE9A17E8BF8500E818A0 /* Frameworks */ = {
			isa = PBXFrameworksBuildPhase;
			buildActionMask = 2147483647;
			files = (
				1F183EB817FC96FB0002470C /* UIKit.framework in Frameworks */,
				1F183EB217FC94F40002470C /* CoreMedia.framework in Frameworks */,
				7BD76A1317FB110F003B7CC9 /* CoreText.framework in Frameworks */,
				1F8C900317FA1F7900FFD282 /* CoreAudio.framework in Frameworks */,
				1F8C900117FA1E4300FFD282 /* AVFoundation.framework in Frameworks */,
				ACE6EEA317E8BF8500E818A0 /* CoreGraphics.framework in Frameworks */,
				7BD76A1117FB1102003B7CC9 /* Security.framework in Frameworks */,
				7BD76A0F17FB10FB003B7CC9 /* CoreLocation.framework in Frameworks */,
				7BD76A0C17FB10F4003B7CC9 /* AddressBook.framework in Frameworks */,
				7BD76A0D17FB10F4003B7CC9 /* AddressBookUI.framework in Frameworks */,
				7BD76A0917FB10E4003B7CC9 /* QuartzCore.framework in Frameworks */,
				7BD76A0317FB0F7D003B7CC9 /* libJSONKit.a in Frameworks */,
				7BD76A0417FB0F7D003B7CC9 /* libOAuth2Client.a in Frameworks */,
				7BD76A0517FB0F7D003B7CC9 /* libOHAttributedLabel.a in Frameworks */,
				7BD769E217FB0F1C003B7CC9 /* libSoundCloudUI.a in Frameworks */,
				7BD769D817FB0EB2003B7CC9 /* libSoundCloudAPI.a in Frameworks */,
				ACE6EEA117E8BF8500E818A0 /* Foundation.framework in Frameworks */,
				ACD2B9E817EA2A180052A96A /* libsndfile.a in Frameworks */,
			);
			runOnlyForDeploymentPostprocessing = 0;
		};
		ACE6EEB517E8BF8500E818A0 /* Frameworks */ = {
			isa = PBXFrameworksBuildPhase;
			buildActionMask = 2147483647;
			files = (
				ACE6EEBA17E8BF8500E818A0 /* XCTest.framework in Frameworks */,
				ACE6EEBB17E8BF8500E818A0 /* Foundation.framework in Frameworks */,
			);
			runOnlyForDeploymentPostprocessing = 0;
		};
/* End PBXFrameworksBuildPhase section */

/* Begin PBXGroup section */
		1F4B413E17FEFBA60046DF86 /* Settings */ = {
			isa = PBXGroup;
			children = (
				1F4B414317FEFBFE0046DF86 /* Defines.h */,
			);
			name = Settings;
			sourceTree = "<group>";
		};
		1F4B414E17FF4ABA0046DF86 /* InputAlertView */ = {
			isa = PBXGroup;
			children = (
				1F4B415317FF4AE70046DF86 /* InputAlertView.h */,
				1F4B415417FF4AE70046DF86 /* InputAlertView.m */,
			);
			name = InputAlertView;
			sourceTree = "<group>";
		};
		1F8C8FFB17FA109800FFD282 /* Aux */ = {
			isa = PBXGroup;
			children = (
				1F4B414E17FF4ABA0046DF86 /* InputAlertView */,
				1F4B413E17FEFBA60046DF86 /* Settings */,
				1FE8870017FC9E0E00833D22 /* SoundManager */,
				ACD2B9CA17E8D1A90052A96A /* PitchShifter */,
			);
			name = Aux;
			sourceTree = "<group>";
		};
		1F8C900417FA230A00FFD282 /* MainViewController */ = {
			isa = PBXGroup;
			children = (
				AC7807A117EB99A80094711F /* MainViewController.h */,
				AC7807A217EB99A80094711F /* MainViewController.m */,
				AC7807A317EB99A80094711F /* MainViewController.xib */,
				1F5B41A018033FD1002D8CCF /* MainViewController_i5.xib */,
			);
			name = MainViewController;
			sourceTree = "<group>";
		};
		1F8C901517FAFE3000FFD282 /* TracksViewController */ = {
			isa = PBXGroup;
			children = (
				1F8C902A17FB004300FFD282 /* TracksTableViewController.h */,
				1F8C902B17FB004300FFD282 /* TracksTableViewController.m */,
				1F8C902C17FB004300FFD282 /* TracksTableViewController.xib */,
				1F5B41961803355E002D8CCF /* TracksTableViewController_i5.xib */,
				1F8C902F17FB007800FFD282 /* TracksTableViewCell.h */,
				1F8C903017FB007800FFD282 /* TracksTableViewCell.m */,
				1F8C903617FB0C3800FFD282 /* TracksTableViewCell.xib */,
			);
			name = TracksViewController;
			sourceTree = "<group>";
		};
		1FE8870017FC9E0E00833D22 /* SoundManager */ = {
			isa = PBXGroup;
			children = (
				1FE8870117FC9E6B00833D22 /* SoundManager.h */,
				1FE8870217FC9E6B00833D22 /* SoundManager.m */,
			);
			name = SoundManager;
			sourceTree = "<group>";
		};
		7B83EAD11804BF9800FD1DDD /* 4x */ = {
			isa = PBXGroup;
			children = (
				7B2F3E701804D96B001CB577 /* PSA_0.2_RingSpinning.png */,
				ACE399E317FAFD3200AAB6F2 /* PSA_0.2_Background.png */,
				ACE399E517FAFD3200AAB6F2 /* PSA_0.2_CenterButton.png */,
				ACE399EF17FAFD3200AAB6F2 /* PSA_0.2_PlayButton.png */,
				ACE399F217FAFD3200AAB6F2 /* PSA_0.2_ProgressBarForeground.png */,
				ACE399F317FAFD3200AAB6F2 /* PSA_0.2_Ring.png */,
				7B312936180396A90057B03B /* PSA_0.2_SplashScreen_640p960.png */,
				ACE399F617FAFD3200AAB6F2 /* PSA_0.2_StopButton.png */,
			);
			name = 4x;
			sourceTree = "<group>";
		};
		7B83EAD21804BFA800FD1DDD /* 5x */ = {
			isa = PBXGroup;
			children = (
				7B83EAE11804C5D500FD1DDD /* PSA_0.2_PlayButton_i5.png */,
				7B83EADF1804C5C800FD1DDD /* PSA_0.2_StopButton_i5.png */,
				7B2F3E721804D9CE001CB577 /* PSA_0.2_RingSpinning_i5.png */,
				7B83EADD1804C53400FD1DDD /* PSA_0.2_ProgressBarForeground_i5.png */,
				7B312924180396870057B03B /* PSA_0.2_Background_i5.png */,
				7B83EAD71804C2A000FD1DDD /* PSA_0.2_CenterButton_i5.png */,
				7B83EAD31804C1ED00FD1DDD /* PSA_0.2_Ring_i5.png */,
				7B312935180396A90057B03B /* PSA_0.2_SplashScreen_640p1136.png */,
			);
			name = 5x;
			sourceTree = "<group>";
		};
		7B888F3B1804E11C00CA61FF /* SplashScreenController */ = {
			isa = PBXGroup;
			children = (
				7B888F3C1804E13B00CA61FF /* SplashScreenController.h */,
				7B888F3D1804E13B00CA61FF /* SplashScreenController.m */,
				7B888F3E1804E13B00CA61FF /* SplashScreenController.xib */,
				7B888F411804E16F00CA61FF /* SplashScreenController_i5.xib */,
			);
			name = SplashScreenController;
			sourceTree = "<group>";
		};
		7B92B24317FB0E100002208F /* Products */ = {
			isa = PBXGroup;
			children = (
				7B92B24817FB0E100002208F /* SoundCloudAPI.framework */,
				7B92B24A17FB0E100002208F /* libSoundCloudAPI.a */,
			);
			name = Products;
			sourceTree = "<group>";
		};
		7BD769DA17FB0EC8003B7CC9 /* Products */ = {
			isa = PBXGroup;
			children = (
				7BD769DF17FB0EC8003B7CC9 /* libSoundCloudUI.a */,
				7BD769E117FB0EC8003B7CC9 /* SoundCloudUI.framework */,
			);
			name = Products;
			sourceTree = "<group>";
		};
		7BD769E417FB0F4E003B7CC9 /* Products */ = {
			isa = PBXGroup;
			children = (
				7BD769E917FB0F4F003B7CC9 /* libJSONKit.a */,
				7BD769EB17FB0F4F003B7CC9 /* JSONKit.framework */,
			);
			name = Products;
			sourceTree = "<group>";
		};
		7BD769ED17FB0F58003B7CC9 /* Products */ = {
			isa = PBXGroup;
			children = (
				7BD769F217FB0F58003B7CC9 /* OAuth2Client.framework */,
				7BD769F417FB0F58003B7CC9 /* libOAuth2Client.a */,
			);
			name = Products;
			sourceTree = "<group>";
		};
		7BD769F617FB0F62003B7CC9 /* Products */ = {
			isa = PBXGroup;
			children = (
				7BD769FA17FB0F62003B7CC9 /* libOHAttributedLabel.a */,
			);
			name = Products;
			sourceTree = "<group>";
		};
		AC742B1617F103D4004E48D8 /* Resources */ = {
			isa = PBXGroup;
			children = (
				ACE399E117FAFD1000AAB6F2 /* Misc Images */,
				ACE399E017FAFCFF00AAB6F2 /* PSA 0.2 UI Images */,
				7BD76A0617FB0FFC003B7CC9 /* SoundCloud.bundle */,
			);
			name = Resources;
			sourceTree = "<group>";
		};
		AC7807A617EB99CB0094711F /* Delegate */ = {
			isa = PBXGroup;
			children = (
				ACE6EEAF17E8BF8500E818A0 /* AppDelegate.h */,
				ACE6EEB017E8BF8500E818A0 /* AppDelegate.m */,
			);
			name = Delegate;
			sourceTree = "<group>";
		};
		AC7807A717EB99DF0094711F /* Controllers */ = {
			isa = PBXGroup;
			children = (
				7B888F3B1804E11C00CA61FF /* SplashScreenController */,
				1F8C901517FAFE3000FFD282 /* TracksViewController */,
				1F8C900417FA230A00FFD282 /* MainViewController */,
			);
			name = Controllers;
			sourceTree = "<group>";
		};
		ACD2B9CA17E8D1A90052A96A /* PitchShifter */ = {
			isa = PBXGroup;
			children = (
				ACD2B9DC17E9F4E50052A96A /* PitchShifter.h */,
				ACD2B9DD17E9F4E50052A96A /* PitchShifter.mm */,
				ACD2B9C717E8D1A20052A96A /* PitchShiftIterative.cpp */,
				ACD2B9C817E8D1A20052A96A /* PitchShiftIterative.h */,
				ACD2B9CB17E8D2020052A96A /* auxLib */,
			);
			name = PitchShifter;
			sourceTree = "<group>";
		};
		ACD2B9CB17E8D2020052A96A /* auxLib */ = {
			isa = PBXGroup;
			children = (
				ACD2B9E717EA2A180052A96A /* libsndfile.a */,
				ACD2B9E917EA2ED20052A96A /* sndfile.h */,
				ACD2B9CC17E8D2530052A96A /* SmbPitchShifter.cpp */,
				ACD2B9EA17EA388E0052A96A /* SmbPitchShifter.h */,
			);
			name = auxLib;
			sourceTree = "<group>";
		};
		ACE399E017FAFCFF00AAB6F2 /* PSA 0.2 UI Images */ = {
			isa = PBXGroup;
			children = (
				7B83EAD11804BF9800FD1DDD /* 4x */,
				7B83EAD21804BFA800FD1DDD /* 5x */,
				ACE39A0E17FAFD4B00AAB6F2 /* InterfaceGuide.png */,
				7B31292F1803969F0057B03B /* PSA_0.2_AppIcon_120_pt.png */,
				7B2F3E7E1804DD26001CB577 /* PSA_0.2_AppIcon_29_pt.png */,
				7B2F3E7F1804DD26001CB577 /* PSA_0.2_AppIcon_40_pt.png */,
				7B3129311803969F0057B03B /* PSA_0.2_AppIcon_58_pt.png */,
				7B2F3E801804DD26001CB577 /* PSA_0.2_AppIcon_60_pt.png */,
				7B3129301803969F0057B03B /* PSA_0.2_AppIcon_80_pt.png */,
				7BAEADD517FCFB18004BD341 /* PSA_0.2_AppIcon_Large.png */,
				7B83EAE51804C78600FD1DDD /* PSA_0.2_AppTitle.png */,
				7B31292D180396900057B03B /* PSA_0.2_b.png */,
				ACE399E217FAFD3200AAB6F2 /* PSA_0.2_BackButton.png */,
				ACE399E417FAFD3200AAB6F2 /* PSA_0.2_CancelButton.png */,
				ACE399E617FAFD3200AAB6F2 /* PSA_0.2_CenterButtonSelected.png */,
				ACE399E717FAFD3200AAB6F2 /* PSA_0.2_CircleBottom.png */,
				ACE399E817FAFD3200AAB6F2 /* PSA_0.2_CircleMiddle.png */,
				ACE399E917FAFD3200AAB6F2 /* PSA_0.2_CircleTop.png */,
				ACE399EC17FAFD3200AAB6F2 /* PSA_0.2_KeyboardFifth.png */,
				7B83EAE31804C5E300FD1DDD /* PSA_0.2_KeyboardThird.png */,
				ACE399ED17FAFD3200AAB6F2 /* PSA_0.2_KeyboardTriad.png */,
				7BAEADD617FCFB18004BD341 /* PSA_0.2_ListButton.png */,
				1FD9267017FDA8BC006FDA0F /* PSA_0.2_ListDelete.png */,
				1FD9267117FDA8BC006FDA0F /* PSA_0.2_ListPlay.png */,
				ACE399EE17FAFD3200AAB6F2 /* PSA_0.2_ListPlayButton.png */,
				1FD9267217FDA8BC006FDA0F /* PSA_0.2_ListShare.png */,
				ACE399F017FAFD3200AAB6F2 /* PSA_0.2_PlayButtonSelected.png */,
				ACE399F117FAFD3200AAB6F2 /* PSA_0.2_ProgressBarBackground.png */,
				ACE399EA17FAFD3200AAB6F2 /* PSA_0.2_SaveButton.png */,
				ACE399F517FAFD3200AAB6F2 /* PSA_0.2_ShareButton.png */,
				ACE399F717FAFD3200AAB6F2 /* PSA_0.2_StopButtonSelected.png */,
			);
			name = "PSA 0.2 UI Images";
			sourceTree = "<group>";
		};
		ACE399E117FAFD1000AAB6F2 /* Misc Images */ = {
			isa = PBXGroup;
			children = (
			);
			name = "Misc Images";
			sourceTree = "<group>";
		};
		ACE6EE9417E8BF8500E818A0 = {
			isa = PBXGroup;
			children = (
				ACE6EEA617E8BF8500E818A0 /* PitchShiftApp */,
				ACE6EEBF17E8BF8500E818A0 /* PitchShiftAppTests */,
				ACE6EE9F17E8BF8500E818A0 /* Frameworks */,
				ACE6EE9E17E8BF8500E818A0 /* Products */,
			);
			sourceTree = "<group>";
		};
		ACE6EE9E17E8BF8500E818A0 /* Products */ = {
			isa = PBXGroup;
			children = (
				ACE6EE9D17E8BF8500E818A0 /* PitchShiftApp.app */,
				ACE6EEB817E8BF8500E818A0 /* PitchShiftAppTests.xctest */,
			);
			name = Products;
			sourceTree = "<group>";
		};
		ACE6EE9F17E8BF8500E818A0 /* Frameworks */ = {
			isa = PBXGroup;
			children = (
				7BD76A0A17FB10F4003B7CC9 /* AddressBook.framework */,
				7BD76A0B17FB10F4003B7CC9 /* AddressBookUI.framework */,
				1F8C900017FA1E4300FFD282 /* AVFoundation.framework */,
				1F8C900217FA1F7900FFD282 /* CoreAudio.framework */,
				ACE6EEA217E8BF8500E818A0 /* CoreGraphics.framework */,
				7BD76A0E17FB10FB003B7CC9 /* CoreLocation.framework */,
				1F183EB117FC94F40002470C /* CoreMedia.framework */,
				7BD76A1217FB110F003B7CC9 /* CoreText.framework */,
				ACE6EEA017E8BF8500E818A0 /* Foundation.framework */,
				7BD76A0817FB10E4003B7CC9 /* QuartzCore.framework */,
				7BD76A1017FB1102003B7CC9 /* Security.framework */,
				1F183EB717FC96FB0002470C /* UIKit.framework */,
				ACE6EEB917E8BF8500E818A0 /* XCTest.framework */,
				7BD769E317FB0F4E003B7CC9 /* JSONKit.xcodeproj */,
				7BD769EC17FB0F58003B7CC9 /* OAuth2Client.xcodeproj */,
				7BD769F517FB0F62003B7CC9 /* OHAttributedLabel.xcodeproj */,
				7B92B24217FB0E100002208F /* SoundCloudAPI.xcodeproj */,
				7BD769D917FB0EC8003B7CC9 /* SoundCloudUI.xcodeproj */,
			);
			name = Frameworks;
			sourceTree = "<group>";
		};
		ACE6EEA617E8BF8500E818A0 /* PitchShiftApp */ = {
			isa = PBXGroup;
			children = (
				7B888F391804DE9800CA61FF /* Images.xcassets */,
				1F8C8FFB17FA109800FFD282 /* Aux */,
				AC7807A717EB99DF0094711F /* Controllers */,
				AC7807A617EB99CB0094711F /* Delegate */,
				AC742B1617F103D4004E48D8 /* Resources */,
				ACE6EEA717E8BF8500E818A0 /* Supporting Files */,
			);
			path = PitchShiftApp;
			sourceTree = "<group>";
		};
		ACE6EEA717E8BF8500E818A0 /* Supporting Files */ = {
			isa = PBXGroup;
			children = (
				ACE6EEA817E8BF8500E818A0 /* PitchShiftApp-Info.plist */,
				ACE6EEA917E8BF8500E818A0 /* InfoPlist.strings */,
				ACE6EEAC17E8BF8500E818A0 /* main.m */,
				ACE6EEAE17E8BF8500E818A0 /* PitchShiftApp-Prefix.pch */,
			);
			name = "Supporting Files";
			sourceTree = "<group>";
		};
		ACE6EEBF17E8BF8500E818A0 /* PitchShiftAppTests */ = {
			isa = PBXGroup;
			children = (
				ACE6EEC517E8BF8500E818A0 /* PitchShiftAppTests.m */,
				ACE6EEC017E8BF8500E818A0 /* Supporting Files */,
			);
			path = PitchShiftAppTests;
			sourceTree = "<group>";
		};
		ACE6EEC017E8BF8500E818A0 /* Supporting Files */ = {
			isa = PBXGroup;
			children = (
				ACE6EEC117E8BF8500E818A0 /* PitchShiftAppTests-Info.plist */,
				ACE6EEC217E8BF8500E818A0 /* InfoPlist.strings */,
			);
			name = "Supporting Files";
			sourceTree = "<group>";
		};
/* End PBXGroup section */

/* Begin PBXNativeTarget section */
		ACE6EE9C17E8BF8500E818A0 /* PitchShiftApp */ = {
			isa = PBXNativeTarget;
			buildConfigurationList = ACE6EEC917E8BF8500E818A0 /* Build configuration list for PBXNativeTarget "PitchShiftApp" */;
			buildPhases = (
				ACE6EE9917E8BF8500E818A0 /* Sources */,
				ACE6EE9B17E8BF8500E818A0 /* Resources */,
				ACE6EE9A17E8BF8500E818A0 /* Frameworks */,
			);
			buildRules = (
			);
			dependencies = (
				7BD769FC17FB0F76003B7CC9 /* PBXTargetDependency */,
				7BD769FE17FB0F76003B7CC9 /* PBXTargetDependency */,
				7BD76A0017FB0F76003B7CC9 /* PBXTargetDependency */,
				7BD76A0217FB0F76003B7CC9 /* PBXTargetDependency */,
				7B92B24C17FB0E490002208F /* PBXTargetDependency */,
			);
			name = PitchShiftApp;
			productName = PitchShiftApp;
			productReference = ACE6EE9D17E8BF8500E818A0 /* PitchShiftApp.app */;
			productType = "com.apple.product-type.application";
		};
		ACE6EEB717E8BF8500E818A0 /* PitchShiftAppTests */ = {
			isa = PBXNativeTarget;
			buildConfigurationList = ACE6EECC17E8BF8500E818A0 /* Build configuration list for PBXNativeTarget "PitchShiftAppTests" */;
			buildPhases = (
				ACE6EEB417E8BF8500E818A0 /* Sources */,
				ACE6EEB517E8BF8500E818A0 /* Frameworks */,
				ACE6EEB617E8BF8500E818A0 /* Resources */,
			);
			buildRules = (
			);
			dependencies = (
				ACE6EEBE17E8BF8500E818A0 /* PBXTargetDependency */,
			);
			name = PitchShiftAppTests;
			productName = PitchShiftAppTests;
			productReference = ACE6EEB817E8BF8500E818A0 /* PitchShiftAppTests.xctest */;
			productType = "com.apple.product-type.bundle.unit-test";
		};
/* End PBXNativeTarget section */

/* Begin PBXProject section */
		ACE6EE9517E8BF8500E818A0 /* Project object */ = {
			isa = PBXProject;
			attributes = {
				LastUpgradeCheck = 0500;
				ORGANIZATIONNAME = CheeseCakeGarage;
				TargetAttributes = {
					ACE6EE9C17E8BF8500E818A0 = {
						DevelopmentTeam = 2ZD2TUPJ8B;
					};
					ACE6EEB717E8BF8500E818A0 = {
						TestTargetID = ACE6EE9C17E8BF8500E818A0;
					};
				};
			};
			buildConfigurationList = ACE6EE9817E8BF8500E818A0 /* Build configuration list for PBXProject "PitchShiftApp" */;
			compatibilityVersion = "Xcode 3.2";
			developmentRegion = English;
			hasScannedForEncodings = 0;
			knownRegions = (
				en,
			);
			mainGroup = ACE6EE9417E8BF8500E818A0;
			productRefGroup = ACE6EE9E17E8BF8500E818A0 /* Products */;
			projectDirPath = "";
			projectReferences = (
				{
					ProductGroup = 7BD769E417FB0F4E003B7CC9 /* Products */;
					ProjectRef = 7BD769E317FB0F4E003B7CC9 /* JSONKit.xcodeproj */;
				},
				{
					ProductGroup = 7BD769ED17FB0F58003B7CC9 /* Products */;
					ProjectRef = 7BD769EC17FB0F58003B7CC9 /* OAuth2Client.xcodeproj */;
				},
				{
					ProductGroup = 7BD769F617FB0F62003B7CC9 /* Products */;
					ProjectRef = 7BD769F517FB0F62003B7CC9 /* OHAttributedLabel.xcodeproj */;
				},
				{
					ProductGroup = 7B92B24317FB0E100002208F /* Products */;
					ProjectRef = 7B92B24217FB0E100002208F /* SoundCloudAPI.xcodeproj */;
				},
				{
					ProductGroup = 7BD769DA17FB0EC8003B7CC9 /* Products */;
					ProjectRef = 7BD769D917FB0EC8003B7CC9 /* SoundCloudUI.xcodeproj */;
				},
			);
			projectRoot = "";
			targets = (
				ACE6EE9C17E8BF8500E818A0 /* PitchShiftApp */,
				ACE6EEB717E8BF8500E818A0 /* PitchShiftAppTests */,
			);
		};
/* End PBXProject section */

/* Begin PBXReferenceProxy section */
		7B92B24817FB0E100002208F /* SoundCloudAPI.framework */ = {
			isa = PBXReferenceProxy;
			fileType = wrapper.framework;
			path = SoundCloudAPI.framework;
			remoteRef = 7B92B24717FB0E100002208F /* PBXContainerItemProxy */;
			sourceTree = BUILT_PRODUCTS_DIR;
		};
		7B92B24A17FB0E100002208F /* libSoundCloudAPI.a */ = {
			isa = PBXReferenceProxy;
			fileType = archive.ar;
			path = libSoundCloudAPI.a;
			remoteRef = 7B92B24917FB0E100002208F /* PBXContainerItemProxy */;
			sourceTree = BUILT_PRODUCTS_DIR;
		};
		7BD769DF17FB0EC8003B7CC9 /* libSoundCloudUI.a */ = {
			isa = PBXReferenceProxy;
			fileType = archive.ar;
			path = libSoundCloudUI.a;
			remoteRef = 7BD769DE17FB0EC8003B7CC9 /* PBXContainerItemProxy */;
			sourceTree = BUILT_PRODUCTS_DIR;
		};
		7BD769E117FB0EC8003B7CC9 /* SoundCloudUI.framework */ = {
			isa = PBXReferenceProxy;
			fileType = wrapper.framework;
			path = SoundCloudUI.framework;
			remoteRef = 7BD769E017FB0EC8003B7CC9 /* PBXContainerItemProxy */;
			sourceTree = BUILT_PRODUCTS_DIR;
		};
		7BD769E917FB0F4F003B7CC9 /* libJSONKit.a */ = {
			isa = PBXReferenceProxy;
			fileType = archive.ar;
			path = libJSONKit.a;
			remoteRef = 7BD769E817FB0F4F003B7CC9 /* PBXContainerItemProxy */;
			sourceTree = BUILT_PRODUCTS_DIR;
		};
		7BD769EB17FB0F4F003B7CC9 /* JSONKit.framework */ = {
			isa = PBXReferenceProxy;
			fileType = wrapper.framework;
			path = JSONKit.framework;
			remoteRef = 7BD769EA17FB0F4F003B7CC9 /* PBXContainerItemProxy */;
			sourceTree = BUILT_PRODUCTS_DIR;
		};
		7BD769F217FB0F58003B7CC9 /* OAuth2Client.framework */ = {
			isa = PBXReferenceProxy;
			fileType = wrapper.framework;
			path = OAuth2Client.framework;
			remoteRef = 7BD769F117FB0F58003B7CC9 /* PBXContainerItemProxy */;
			sourceTree = BUILT_PRODUCTS_DIR;
		};
		7BD769F417FB0F58003B7CC9 /* libOAuth2Client.a */ = {
			isa = PBXReferenceProxy;
			fileType = archive.ar;
			path = libOAuth2Client.a;
			remoteRef = 7BD769F317FB0F58003B7CC9 /* PBXContainerItemProxy */;
			sourceTree = BUILT_PRODUCTS_DIR;
		};
		7BD769FA17FB0F62003B7CC9 /* libOHAttributedLabel.a */ = {
			isa = PBXReferenceProxy;
			fileType = archive.ar;
			path = libOHAttributedLabel.a;
			remoteRef = 7BD769F917FB0F62003B7CC9 /* PBXContainerItemProxy */;
			sourceTree = BUILT_PRODUCTS_DIR;
		};
/* End PBXReferenceProxy section */

/* Begin PBXResourcesBuildPhase section */
		ACE6EE9B17E8BF8500E818A0 /* Resources */ = {
			isa = PBXResourcesBuildPhase;
			buildActionMask = 2147483647;
			files = (
				1FD9266B17FDA7D2006FDA0F /* TracksTableViewController.xib in Resources */,
				7B2F3E821804DD26001CB577 /* PSA_0.2_AppIcon_40_pt.png in Resources */,
				7B83EAE41804C5E300FD1DDD /* PSA_0.2_KeyboardThird.png in Resources */,
				ACE39A0817FAFD3200AAB6F2 /* PSA_0.2_ProgressBarForeground.png in Resources */,
				7B3129331803969F0057B03B /* PSA_0.2_AppIcon_80_pt.png in Resources */,
				ACE39A0017FAFD3200AAB6F2 /* PSA_0.2_SaveButton.png in Resources */,
				ACE39A0717FAFD3200AAB6F2 /* PSA_0.2_ProgressBarBackground.png in Resources */,
				7B312938180396A90057B03B /* PSA_0.2_SplashScreen_640p960.png in Resources */,
				7B888F3A1804DE9800CA61FF /* Images.xcassets in Resources */,
				7B83EAE61804C78600FD1DDD /* PSA_0.2_AppTitle.png in Resources */,
				ACE399FB17FAFD3200AAB6F2 /* PSA_0.2_CenterButton.png in Resources */,
				7B83EAE21804C5D500FD1DDD /* PSA_0.2_PlayButton_i5.png in Resources */,
				1F8C903717FB0C3800FFD282 /* TracksTableViewCell.xib in Resources */,
				7B2F3E811804DD26001CB577 /* PSA_0.2_AppIcon_29_pt.png in Resources */,
				1FD9267317FDA8BC006FDA0F /* PSA_0.2_ListDelete.png in Resources */,
				7B3129341803969F0057B03B /* PSA_0.2_AppIcon_58_pt.png in Resources */,
				ACE399F917FAFD3200AAB6F2 /* PSA_0.2_Background.png in Resources */,
				7B888F401804E13B00CA61FF /* SplashScreenController.xib in Resources */,
				ACE399FD17FAFD3200AAB6F2 /* PSA_0.2_CircleBottom.png in Resources */,
				ACE6EEAB17E8BF8500E818A0 /* InfoPlist.strings in Resources */,
				7B312929180396870057B03B /* PSA_0.2_Background_i5.png in Resources */,
				ACE399FC17FAFD3200AAB6F2 /* PSA_0.2_CenterButtonSelected.png in Resources */,
				ACE39A0D17FAFD3200AAB6F2 /* PSA_0.2_StopButtonSelected.png in Resources */,
				AC7807A517EB99A80094711F /* MainViewController.xib in Resources */,
				7B312937180396A90057B03B /* PSA_0.2_SplashScreen_640p1136.png in Resources */,
				7B2F3E731804D9CE001CB577 /* PSA_0.2_RingSpinning_i5.png in Resources */,
				ACE399FA17FAFD3200AAB6F2 /* PSA_0.2_CancelButton.png in Resources */,
				ACE39A0417FAFD3200AAB6F2 /* PSA_0.2_ListPlayButton.png in Resources */,
				ACE39A0517FAFD3200AAB6F2 /* PSA_0.2_PlayButton.png in Resources */,
				7B2F3E831804DD26001CB577 /* PSA_0.2_AppIcon_60_pt.png in Resources */,
				ACE399FE17FAFD3200AAB6F2 /* PSA_0.2_CircleMiddle.png in Resources */,
				ACE39A0317FAFD3200AAB6F2 /* PSA_0.2_KeyboardTriad.png in Resources */,
				ACE39A0917FAFD3200AAB6F2 /* PSA_0.2_Ring.png in Resources */,
				1F5B41A118033FD1002D8CCF /* MainViewController_i5.xib in Resources */,
				7B83EAD81804C2A000FD1DDD /* PSA_0.2_CenterButton_i5.png in Resources */,
				1FD9267517FDA8BC006FDA0F /* PSA_0.2_ListShare.png in Resources */,
				7BD76A0717FB0FFC003B7CC9 /* SoundCloud.bundle in Resources */,
				7B31292E180396900057B03B /* PSA_0.2_b.png in Resources */,
				ACE399F817FAFD3200AAB6F2 /* PSA_0.2_BackButton.png in Resources */,
				7BAEADD917FCFB18004BD341 /* PSA_0.2_ListButton.png in Resources */,
				7B83EADE1804C53400FD1DDD /* PSA_0.2_ProgressBarForeground_i5.png in Resources */,
				1F5B41971803355E002D8CCF /* TracksTableViewController_i5.xib in Resources */,
				ACE39A0F17FAFD4B00AAB6F2 /* InterfaceGuide.png in Resources */,
				ACE39A0B17FAFD3200AAB6F2 /* PSA_0.2_ShareButton.png in Resources */,
				7B2F3E711804D96B001CB577 /* PSA_0.2_RingSpinning.png in Resources */,
				7B83EAE01804C5C800FD1DDD /* PSA_0.2_StopButton_i5.png in Resources */,
				ACE39A0617FAFD3200AAB6F2 /* PSA_0.2_PlayButtonSelected.png in Resources */,
				ACE399FF17FAFD3200AAB6F2 /* PSA_0.2_CircleTop.png in Resources */,
				7B3129321803969F0057B03B /* PSA_0.2_AppIcon_120_pt.png in Resources */,
				ACE39A0C17FAFD3200AAB6F2 /* PSA_0.2_StopButton.png in Resources */,
				1FD9267417FDA8BC006FDA0F /* PSA_0.2_ListPlay.png in Resources */,
				7B83EAD41804C1ED00FD1DDD /* PSA_0.2_Ring_i5.png in Resources */,
				7B888F421804E16F00CA61FF /* SplashScreenController_i5.xib in Resources */,
				ACE39A0217FAFD3200AAB6F2 /* PSA_0.2_KeyboardFifth.png in Resources */,
				7BAEADD817FCFB18004BD341 /* PSA_0.2_AppIcon_Large.png in Resources */,
			);
			runOnlyForDeploymentPostprocessing = 0;
		};
		ACE6EEB617E8BF8500E818A0 /* Resources */ = {
			isa = PBXResourcesBuildPhase;
			buildActionMask = 2147483647;
			files = (
				ACE6EEC417E8BF8500E818A0 /* InfoPlist.strings in Resources */,
			);
			runOnlyForDeploymentPostprocessing = 0;
		};
/* End PBXResourcesBuildPhase section */

/* Begin PBXSourcesBuildPhase section */
		ACE6EE9917E8BF8500E818A0 /* Sources */ = {
			isa = PBXSourcesBuildPhase;
			buildActionMask = 2147483647;
			files = (
				ACD2B9CD17E8D2530052A96A /* SmbPitchShifter.cpp in Sources */,
				AC7807A417EB99A80094711F /* MainViewController.m in Sources */,
				7B888F3F1804E13B00CA61FF /* SplashScreenController.m in Sources */,
				ACD2B9DE17E9F4E50052A96A /* PitchShifter.mm in Sources */,
				1F8C902D17FB004300FFD282 /* TracksTableViewController.m in Sources */,
				1F4B415517FF4AE70046DF86 /* InputAlertView.m in Sources */,
				ACE6EEB117E8BF8500E818A0 /* AppDelegate.m in Sources */,
				ACD2B9C917E8D1A20052A96A /* PitchShiftIterative.cpp in Sources */,
				1FE8870317FC9E6B00833D22 /* SoundManager.m in Sources */,
				1F8C903117FB007800FFD282 /* TracksTableViewCell.m in Sources */,
				ACE6EEAD17E8BF8500E818A0 /* main.m in Sources */,
			);
			runOnlyForDeploymentPostprocessing = 0;
		};
		ACE6EEB417E8BF8500E818A0 /* Sources */ = {
			isa = PBXSourcesBuildPhase;
			buildActionMask = 2147483647;
			files = (
				ACE6EEC617E8BF8500E818A0 /* PitchShiftAppTests.m in Sources */,
			);
			runOnlyForDeploymentPostprocessing = 0;
		};
/* End PBXSourcesBuildPhase section */

/* Begin PBXTargetDependency section */
		7B92B24C17FB0E490002208F /* PBXTargetDependency */ = {
			isa = PBXTargetDependency;
			name = SoundCloudAPI;
			targetProxy = 7B92B24B17FB0E490002208F /* PBXContainerItemProxy */;
		};
		7BD769FC17FB0F76003B7CC9 /* PBXTargetDependency */ = {
			isa = PBXTargetDependency;
			name = OHAttributedLabel;
			targetProxy = 7BD769FB17FB0F76003B7CC9 /* PBXContainerItemProxy */;
		};
		7BD769FE17FB0F76003B7CC9 /* PBXTargetDependency */ = {
			isa = PBXTargetDependency;
			name = OAuth2Client;
			targetProxy = 7BD769FD17FB0F76003B7CC9 /* PBXContainerItemProxy */;
		};
		7BD76A0017FB0F76003B7CC9 /* PBXTargetDependency */ = {
			isa = PBXTargetDependency;
			name = libJSONKit;
			targetProxy = 7BD769FF17FB0F76003B7CC9 /* PBXContainerItemProxy */;
		};
		7BD76A0217FB0F76003B7CC9 /* PBXTargetDependency */ = {
			isa = PBXTargetDependency;
			name = libSoundCloudUI;
			targetProxy = 7BD76A0117FB0F76003B7CC9 /* PBXContainerItemProxy */;
		};
		ACE6EEBE17E8BF8500E818A0 /* PBXTargetDependency */ = {
			isa = PBXTargetDependency;
			target = ACE6EE9C17E8BF8500E818A0 /* PitchShiftApp */;
			targetProxy = ACE6EEBD17E8BF8500E818A0 /* PBXContainerItemProxy */;
		};
/* End PBXTargetDependency section */

/* Begin PBXVariantGroup section */
		ACE6EEA917E8BF8500E818A0 /* InfoPlist.strings */ = {
			isa = PBXVariantGroup;
			children = (
				ACE6EEAA17E8BF8500E818A0 /* en */,
			);
			name = InfoPlist.strings;
			sourceTree = "<group>";
		};
		ACE6EEC217E8BF8500E818A0 /* InfoPlist.strings */ = {
			isa = PBXVariantGroup;
			children = (
				ACE6EEC317E8BF8500E818A0 /* en */,
			);
			name = InfoPlist.strings;
			sourceTree = "<group>";
		};
/* End PBXVariantGroup section */

/* Begin XCBuildConfiguration section */
		ACE6EEC717E8BF8500E818A0 /* Debug */ = {
			isa = XCBuildConfiguration;
			buildSettings = {
				ALWAYS_SEARCH_USER_PATHS = NO;
				ARCHS = "$(ARCHS_STANDARD)";
				CLANG_CXX_LANGUAGE_STANDARD = "gnu++0x";
				CLANG_CXX_LIBRARY = "libc++";
				CLANG_ENABLE_MODULES = YES;
				CLANG_ENABLE_OBJC_ARC = YES;
				CLANG_WARN_BOOL_CONVERSION = YES;
				CLANG_WARN_CONSTANT_CONVERSION = YES;
				CLANG_WARN_DIRECT_OBJC_ISA_USAGE = YES_ERROR;
				CLANG_WARN_EMPTY_BODY = YES;
				CLANG_WARN_ENUM_CONVERSION = YES;
				CLANG_WARN_INT_CONVERSION = YES;
				CLANG_WARN_OBJC_ROOT_CLASS = YES_ERROR;
				CLANG_WARN__DUPLICATE_METHOD_MATCH = YES;
				CODE_SIGN_IDENTITY = "iPhone Developer: Marcelo Salloum dos Santos (TCNHYHKFZG)";
				"CODE_SIGN_IDENTITY[sdk=iphoneos*]" = "iPhone Developer: Marcelo Salloum dos Santos (TCNHYHKFZG)";
				COPY_PHASE_STRIP = NO;
				GCC_C_LANGUAGE_STANDARD = gnu99;
				GCC_DYNAMIC_NO_PIC = NO;
				GCC_OPTIMIZATION_LEVEL = 0;
				GCC_PREPROCESSOR_DEFINITIONS = (
					"DEBUG=1",
					"$(inherited)",
				);
				GCC_SYMBOLS_PRIVATE_EXTERN = NO;
				GCC_WARN_64_TO_32_BIT_CONVERSION = YES;
				GCC_WARN_ABOUT_RETURN_TYPE = YES_ERROR;
				GCC_WARN_UNDECLARED_SELECTOR = YES;
				GCC_WARN_UNINITIALIZED_AUTOS = YES;
				GCC_WARN_UNUSED_FUNCTION = YES;
				GCC_WARN_UNUSED_VARIABLE = YES;
				IPHONEOS_DEPLOYMENT_TARGET = 7.0;
				ONLY_ACTIVE_ARCH = YES;
				OTHER_LDFLAGS = "";
				PROVISIONING_PROFILE = "1CAAB896-0542-406B-9F83-96908DA467FB";
				SDKROOT = iphoneos;
				TARGETED_DEVICE_FAMILY = "1,2";
			};
			name = Debug;
		};
		ACE6EEC817E8BF8500E818A0 /* Release */ = {
			isa = XCBuildConfiguration;
			buildSettings = {
				ALWAYS_SEARCH_USER_PATHS = NO;
				ARCHS = "$(ARCHS_STANDARD)";
				CLANG_CXX_LANGUAGE_STANDARD = "gnu++0x";
				CLANG_CXX_LIBRARY = "libc++";
				CLANG_ENABLE_MODULES = YES;
				CLANG_ENABLE_OBJC_ARC = YES;
				CLANG_WARN_BOOL_CONVERSION = YES;
				CLANG_WARN_CONSTANT_CONVERSION = YES;
				CLANG_WARN_DIRECT_OBJC_ISA_USAGE = YES_ERROR;
				CLANG_WARN_EMPTY_BODY = YES;
				CLANG_WARN_ENUM_CONVERSION = YES;
				CLANG_WARN_INT_CONVERSION = YES;
				CLANG_WARN_OBJC_ROOT_CLASS = YES_ERROR;
				CLANG_WARN__DUPLICATE_METHOD_MATCH = YES;
				CODE_SIGN_IDENTITY = "iPhone Developer: Marcelo Salloum dos Santos (TCNHYHKFZG)";
				"CODE_SIGN_IDENTITY[sdk=iphoneos*]" = "iPhone Developer: Marcelo Salloum dos Santos (TCNHYHKFZG)";
				COPY_PHASE_STRIP = YES;
				ENABLE_NS_ASSERTIONS = NO;
				GCC_C_LANGUAGE_STANDARD = gnu99;
				GCC_WARN_64_TO_32_BIT_CONVERSION = YES;
				GCC_WARN_ABOUT_RETURN_TYPE = YES_ERROR;
				GCC_WARN_UNDECLARED_SELECTOR = YES;
				GCC_WARN_UNINITIALIZED_AUTOS = YES;
				GCC_WARN_UNUSED_FUNCTION = YES;
				GCC_WARN_UNUSED_VARIABLE = YES;
				IPHONEOS_DEPLOYMENT_TARGET = 7.0;
				ONLY_ACTIVE_ARCH = YES;
				OTHER_LDFLAGS = "";
				PROVISIONING_PROFILE = "1CAAB896-0542-406B-9F83-96908DA467FB";
				SDKROOT = iphoneos;
				TARGETED_DEVICE_FAMILY = "1,2";
				VALIDATE_PRODUCT = YES;
			};
			name = Release;
		};
		ACE6EECA17E8BF8500E818A0 /* Debug */ = {
			isa = XCBuildConfiguration;
			buildSettings = {
				ASSETCATALOG_COMPILER_APPICON_NAME = AppIcon;
				ASSETCATALOG_COMPILER_LAUNCHIMAGE_NAME = LaunchImage;
				CODE_SIGN_IDENTITY = "iPhone Developer";
				FRAMEWORK_SEARCH_PATHS = (
					./Frameworks,
					"$(inherited)",
				);
				GCC_PRECOMPILE_PREFIX_HEADER = YES;
				GCC_PREFIX_HEADER = "PitchShiftApp/PitchShiftApp-Prefix.pch";
				HEADER_SEARCH_PATHS = (
					"$(inherited)",
					/Applications/Xcode.app/Contents/Developer/Toolchains/XcodeDefault.xctoolchain/usr/include,
					"$PROJECT_DIR/**",
				);
				INFOPLIST_FILE = "PitchShiftApp/PitchShiftApp-Info.plist";
				LIBRARY_SEARCH_PATHS = (
					"$(inherited)",
					./PitchShiftApp,
				);
				ONLY_ACTIVE_ARCH = NO;
				OTHER_LDFLAGS = "-ObjC";
				PRODUCT_NAME = "$(TARGET_NAME)";
				SDKROOT = iphoneos7.0;
				WRAPPER_EXTENSION = app;
			};
			name = Debug;
		};
		ACE6EECB17E8BF8500E818A0 /* Release */ = {
			isa = XCBuildConfiguration;
			buildSettings = {
				ASSETCATALOG_COMPILER_APPICON_NAME = AppIcon;
				ASSETCATALOG_COMPILER_LAUNCHIMAGE_NAME = LaunchImage;
				CODE_SIGN_IDENTITY = "iPhone Developer";
				FRAMEWORK_SEARCH_PATHS = (
					./Frameworks,
					"$(inherited)",
				);
				GCC_PRECOMPILE_PREFIX_HEADER = YES;
				GCC_PREFIX_HEADER = "PitchShiftApp/PitchShiftApp-Prefix.pch";
				HEADER_SEARCH_PATHS = (
					"$(inherited)",
					/Applications/Xcode.app/Contents/Developer/Toolchains/XcodeDefault.xctoolchain/usr/include,
					"$PROJECT_DIR/**",
				);
				INFOPLIST_FILE = "PitchShiftApp/PitchShiftApp-Info.plist";
				LIBRARY_SEARCH_PATHS = (
					"$(inherited)",
					./PitchShiftApp,
				);
				ONLY_ACTIVE_ARCH = NO;
				OTHER_LDFLAGS = "-ObjC";
				PRODUCT_NAME = "$(TARGET_NAME)";
				SDKROOT = iphoneos7.0;
				WRAPPER_EXTENSION = app;
			};
			name = Release;
		};
		ACE6EECD17E8BF8500E818A0 /* Debug */ = {
			isa = XCBuildConfiguration;
			buildSettings = {
				ARCHS = "$(ARCHS_STANDARD_INCLUDING_64_BIT)";
				BUNDLE_LOADER = "$(BUILT_PRODUCTS_DIR)/PitchShiftApp.app/PitchShiftApp";
				FRAMEWORK_SEARCH_PATHS = (
					"$(SDKROOT)/Developer/Library/Frameworks",
					"$(inherited)",
					"$(DEVELOPER_FRAMEWORKS_DIR)",
				);
				GCC_PRECOMPILE_PREFIX_HEADER = YES;
				GCC_PREFIX_HEADER = "PitchShiftApp/PitchShiftApp-Prefix.pch";
				GCC_PREPROCESSOR_DEFINITIONS = (
					"DEBUG=1",
					"$(inherited)",
				);
				INFOPLIST_FILE = "PitchShiftAppTests/PitchShiftAppTests-Info.plist";
				PRODUCT_NAME = "$(TARGET_NAME)";
				TEST_HOST = "$(BUNDLE_LOADER)";
				WRAPPER_EXTENSION = xctest;
			};
			name = Debug;
		};
		ACE6EECE17E8BF8500E818A0 /* Release */ = {
			isa = XCBuildConfiguration;
			buildSettings = {
				ARCHS = "$(ARCHS_STANDARD_INCLUDING_64_BIT)";
				BUNDLE_LOADER = "$(BUILT_PRODUCTS_DIR)/PitchShiftApp.app/PitchShiftApp";
				FRAMEWORK_SEARCH_PATHS = (
					"$(SDKROOT)/Developer/Library/Frameworks",
					"$(inherited)",
					"$(DEVELOPER_FRAMEWORKS_DIR)",
				);
				GCC_PRECOMPILE_PREFIX_HEADER = YES;
				GCC_PREFIX_HEADER = "PitchShiftApp/PitchShiftApp-Prefix.pch";
				INFOPLIST_FILE = "PitchShiftAppTests/PitchShiftAppTests-Info.plist";
				PRODUCT_NAME = "$(TARGET_NAME)";
				TEST_HOST = "$(BUNDLE_LOADER)";
				WRAPPER_EXTENSION = xctest;
			};
			name = Release;
		};
/* End XCBuildConfiguration section */

/* Begin XCConfigurationList section */
		ACE6EE9817E8BF8500E818A0 /* Build configuration list for PBXProject "PitchShiftApp" */ = {
			isa = XCConfigurationList;
			buildConfigurations = (
				ACE6EEC717E8BF8500E818A0 /* Debug */,
				ACE6EEC817E8BF8500E818A0 /* Release */,
			);
			defaultConfigurationIsVisible = 0;
			defaultConfigurationName = Release;
		};
		ACE6EEC917E8BF8500E818A0 /* Build configuration list for PBXNativeTarget "PitchShiftApp" */ = {
			isa = XCConfigurationList;
			buildConfigurations = (
				ACE6EECA17E8BF8500E818A0 /* Debug */,
				ACE6EECB17E8BF8500E818A0 /* Release */,
			);
			defaultConfigurationIsVisible = 0;
			defaultConfigurationName = Release;
		};
		ACE6EECC17E8BF8500E818A0 /* Build configuration list for PBXNativeTarget "PitchShiftAppTests" */ = {
			isa = XCConfigurationList;
			buildConfigurations = (
				ACE6EECD17E8BF8500E818A0 /* Debug */,
				ACE6EECE17E8BF8500E818A0 /* Release */,
			);
			defaultConfigurationIsVisible = 0;
			defaultConfigurationName = Release;
		};
/* End XCConfigurationList section */
	};
	rootObject = ACE6EE9517E8BF8500E818A0 /* Project object */;
}
